// !$*UTF8*$!
{
	archiveVersion = 1;
	classes = {
	};
	objectVersion = 50;
	objects = {

/* Begin PBXBuildFile section */
		D7D2B4DD24E71E3300EBC1C8 /* AppDelegate.swift in Sources */ = {isa = PBXBuildFile; fileRef = D7D2B4DC24E71E3300EBC1C8 /* AppDelegate.swift */; };
		D7D2B4DF24E71E3300EBC1C8 /* SceneDelegate.swift in Sources */ = {isa = PBXBuildFile; fileRef = D7D2B4DE24E71E3300EBC1C8 /* SceneDelegate.swift */; };
		D7D2B4E224E71E3300EBC1C8 /* FDGraph.xcdatamodeld in Sources */ = {isa = PBXBuildFile; fileRef = D7D2B4E024E71E3300EBC1C8 /* FDGraph.xcdatamodeld */; };
		D7D2B4E424E71E3300EBC1C8 /* ContentView.swift in Sources */ = {isa = PBXBuildFile; fileRef = D7D2B4E324E71E3300EBC1C8 /* ContentView.swift */; };
		D7D2B4E624E71E3900EBC1C8 /* Assets.xcassets in Resources */ = {isa = PBXBuildFile; fileRef = D7D2B4E524E71E3900EBC1C8 /* Assets.xcassets */; };
		D7D2B4E924E71E3900EBC1C8 /* Preview Assets.xcassets in Resources */ = {isa = PBXBuildFile; fileRef = D7D2B4E824E71E3900EBC1C8 /* Preview Assets.xcassets */; };
		D7D2B4EC24E71E3900EBC1C8 /* LaunchScreen.storyboard in Resources */ = {isa = PBXBuildFile; fileRef = D7D2B4EA24E71E3900EBC1C8 /* LaunchScreen.storyboard */; };
		D7D2B4F724E71E3900EBC1C8 /* FDGraphTests.swift in Sources */ = {isa = PBXBuildFile; fileRef = D7D2B4F624E71E3900EBC1C8 /* FDGraphTests.swift */; };
		D7D2B50224E71E3900EBC1C8 /* FDGraphUITests.swift in Sources */ = {isa = PBXBuildFile; fileRef = D7D2B50124E71E3900EBC1C8 /* FDGraphUITests.swift */; };
		D7D2B51524E7281B00EBC1C8 /* GraphController.swift in Sources */ = {isa = PBXBuildFile; fileRef = D7D2B51024E7281B00EBC1C8 /* GraphController.swift */; };
		D7D2B51624E7281B00EBC1C8 /* GraphView.swift in Sources */ = {isa = PBXBuildFile; fileRef = D7D2B51124E7281B00EBC1C8 /* GraphView.swift */; };
		D7D2B51724E7281B00EBC1C8 /* EdgeLayer.swift in Sources */ = {isa = PBXBuildFile; fileRef = D7D2B51224E7281B00EBC1C8 /* EdgeLayer.swift */; };
		D7D2B51824E7281B00EBC1C8 /* Circle.swift in Sources */ = {isa = PBXBuildFile; fileRef = D7D2B51324E7281B00EBC1C8 /* Circle.swift */; };
		D7D2B51924E7281B00EBC1C8 /* GraphScrollView.swift in Sources */ = {isa = PBXBuildFile; fileRef = D7D2B51424E7281B00EBC1C8 /* GraphScrollView.swift */; };
		D7D2B51C24E7555700EBC1C8 /* Node.swift in Sources */ = {isa = PBXBuildFile; fileRef = D7D2B51B24E7555700EBC1C8 /* Node.swift */; };
		D7D2B51E24E75C1D00EBC1C8 /* Edge.swift in Sources */ = {isa = PBXBuildFile; fileRef = D7D2B51D24E75C1D00EBC1C8 /* Edge.swift */; };
		D7D2B52024E75F0900EBC1C8 /* Graph.swift in Sources */ = {isa = PBXBuildFile; fileRef = D7D2B51F24E75F0900EBC1C8 /* Graph.swift */; };
		D7D2B52E24E86ED600EBC1C8 /* Simulation.swift in Sources */ = {isa = PBXBuildFile; fileRef = D7D2B52724E86ED600EBC1C8 /* Simulation.swift */; };
		D7D2B53024E86ED600EBC1C8 /* Links.swift in Sources */ = {isa = PBXBuildFile; fileRef = D7D2B52924E86ED600EBC1C8 /* Links.swift */; };
		D7D2B53124E86ED600EBC1C8 /* Center.swift in Sources */ = {isa = PBXBuildFile; fileRef = D7D2B52A24E86ED600EBC1C8 /* Center.swift */; };
		D7D2B53224E86ED600EBC1C8 /* QuadTree.swift in Sources */ = {isa = PBXBuildFile; fileRef = D7D2B52B24E86ED600EBC1C8 /* QuadTree.swift */; };
		D7D2B53324E86ED600EBC1C8 /* Utilities.swift in Sources */ = {isa = PBXBuildFile; fileRef = D7D2B52C24E86ED600EBC1C8 /* Utilities.swift */; };
		D7D2B53424E86ED600EBC1C8 /* ManyParticle.swift in Sources */ = {isa = PBXBuildFile; fileRef = D7D2B52D24E86ED600EBC1C8 /* ManyParticle.swift */; };
/* End PBXBuildFile section */

/* Begin PBXContainerItemProxy section */
		D7D2B4F324E71E3900EBC1C8 /* PBXContainerItemProxy */ = {
			isa = PBXContainerItemProxy;
			containerPortal = D7D2B4D124E71E3300EBC1C8 /* Project object */;
			proxyType = 1;
			remoteGlobalIDString = D7D2B4D824E71E3300EBC1C8;
			remoteInfo = FDGraph;
		};
		D7D2B4FE24E71E3900EBC1C8 /* PBXContainerItemProxy */ = {
			isa = PBXContainerItemProxy;
			containerPortal = D7D2B4D124E71E3300EBC1C8 /* Project object */;
			proxyType = 1;
			remoteGlobalIDString = D7D2B4D824E71E3300EBC1C8;
			remoteInfo = FDGraph;
		};
/* End PBXContainerItemProxy section */

/* Begin PBXFileReference section */
		D7D2B4D924E71E3300EBC1C8 /* FDGraph.app */ = {isa = PBXFileReference; explicitFileType = wrapper.application; includeInIndex = 0; path = FDGraph.app; sourceTree = BUILT_PRODUCTS_DIR; };
		D7D2B4DC24E71E3300EBC1C8 /* AppDelegate.swift */ = {isa = PBXFileReference; lastKnownFileType = sourcecode.swift; path = AppDelegate.swift; sourceTree = "<group>"; };
		D7D2B4DE24E71E3300EBC1C8 /* SceneDelegate.swift */ = {isa = PBXFileReference; lastKnownFileType = sourcecode.swift; path = SceneDelegate.swift; sourceTree = "<group>"; };
		D7D2B4E124E71E3300EBC1C8 /* FDGraph.xcdatamodel */ = {isa = PBXFileReference; lastKnownFileType = wrapper.xcdatamodel; path = FDGraph.xcdatamodel; sourceTree = "<group>"; };
		D7D2B4E324E71E3300EBC1C8 /* ContentView.swift */ = {isa = PBXFileReference; lastKnownFileType = sourcecode.swift; path = ContentView.swift; sourceTree = "<group>"; };
		D7D2B4E524E71E3900EBC1C8 /* Assets.xcassets */ = {isa = PBXFileReference; lastKnownFileType = folder.assetcatalog; path = Assets.xcassets; sourceTree = "<group>"; };
		D7D2B4E824E71E3900EBC1C8 /* Preview Assets.xcassets */ = {isa = PBXFileReference; lastKnownFileType = folder.assetcatalog; path = "Preview Assets.xcassets"; sourceTree = "<group>"; };
		D7D2B4EB24E71E3900EBC1C8 /* Base */ = {isa = PBXFileReference; lastKnownFileType = file.storyboard; name = Base; path = Base.lproj/LaunchScreen.storyboard; sourceTree = "<group>"; };
		D7D2B4ED24E71E3900EBC1C8 /* Info.plist */ = {isa = PBXFileReference; lastKnownFileType = text.plist.xml; path = Info.plist; sourceTree = "<group>"; };
		D7D2B4F224E71E3900EBC1C8 /* FDGraphTests.xctest */ = {isa = PBXFileReference; explicitFileType = wrapper.cfbundle; includeInIndex = 0; path = FDGraphTests.xctest; sourceTree = BUILT_PRODUCTS_DIR; };
		D7D2B4F624E71E3900EBC1C8 /* FDGraphTests.swift */ = {isa = PBXFileReference; lastKnownFileType = sourcecode.swift; path = FDGraphTests.swift; sourceTree = "<group>"; };
		D7D2B4F824E71E3900EBC1C8 /* Info.plist */ = {isa = PBXFileReference; lastKnownFileType = text.plist.xml; path = Info.plist; sourceTree = "<group>"; };
		D7D2B4FD24E71E3900EBC1C8 /* FDGraphUITests.xctest */ = {isa = PBXFileReference; explicitFileType = wrapper.cfbundle; includeInIndex = 0; path = FDGraphUITests.xctest; sourceTree = BUILT_PRODUCTS_DIR; };
		D7D2B50124E71E3900EBC1C8 /* FDGraphUITests.swift */ = {isa = PBXFileReference; lastKnownFileType = sourcecode.swift; path = FDGraphUITests.swift; sourceTree = "<group>"; };
		D7D2B50324E71E3900EBC1C8 /* Info.plist */ = {isa = PBXFileReference; lastKnownFileType = text.plist.xml; path = Info.plist; sourceTree = "<group>"; };
		D7D2B51024E7281B00EBC1C8 /* GraphController.swift */ = {isa = PBXFileReference; fileEncoding = 4; lastKnownFileType = sourcecode.swift; path = GraphController.swift; sourceTree = "<group>"; };
		D7D2B51124E7281B00EBC1C8 /* GraphView.swift */ = {isa = PBXFileReference; fileEncoding = 4; lastKnownFileType = sourcecode.swift; path = GraphView.swift; sourceTree = "<group>"; };
		D7D2B51224E7281B00EBC1C8 /* EdgeLayer.swift */ = {isa = PBXFileReference; fileEncoding = 4; lastKnownFileType = sourcecode.swift; path = EdgeLayer.swift; sourceTree = "<group>"; };
		D7D2B51324E7281B00EBC1C8 /* Circle.swift */ = {isa = PBXFileReference; fileEncoding = 4; lastKnownFileType = sourcecode.swift; path = Circle.swift; sourceTree = "<group>"; };
		D7D2B51424E7281B00EBC1C8 /* GraphScrollView.swift */ = {isa = PBXFileReference; fileEncoding = 4; lastKnownFileType = sourcecode.swift; path = GraphScrollView.swift; sourceTree = "<group>"; };
		D7D2B51B24E7555700EBC1C8 /* Node.swift */ = {isa = PBXFileReference; lastKnownFileType = sourcecode.swift; path = Node.swift; sourceTree = "<group>"; };
		D7D2B51D24E75C1D00EBC1C8 /* Edge.swift */ = {isa = PBXFileReference; lastKnownFileType = sourcecode.swift; path = Edge.swift; sourceTree = "<group>"; };
		D7D2B51F24E75F0900EBC1C8 /* Graph.swift */ = {isa = PBXFileReference; lastKnownFileType = sourcecode.swift; path = Graph.swift; sourceTree = "<group>"; };
		D7D2B52124E82DC100EBC1C8 /* FDGraph.entitlements */ = {isa = PBXFileReference; lastKnownFileType = text.plist.entitlements; path = FDGraph.entitlements; sourceTree = "<group>"; };
		D7D2B52724E86ED600EBC1C8 /* Simulation.swift */ = {isa = PBXFileReference; fileEncoding = 4; lastKnownFileType = sourcecode.swift; path = Simulation.swift; sourceTree = "<group>"; };
		D7D2B52924E86ED600EBC1C8 /* Links.swift */ = {isa = PBXFileReference; fileEncoding = 4; lastKnownFileType = sourcecode.swift; path = Links.swift; sourceTree = "<group>"; };
		D7D2B52A24E86ED600EBC1C8 /* Center.swift */ = {isa = PBXFileReference; fileEncoding = 4; lastKnownFileType = sourcecode.swift; path = Center.swift; sourceTree = "<group>"; };
		D7D2B52B24E86ED600EBC1C8 /* QuadTree.swift */ = {isa = PBXFileReference; fileEncoding = 4; lastKnownFileType = sourcecode.swift; path = QuadTree.swift; sourceTree = "<group>"; };
		D7D2B52C24E86ED600EBC1C8 /* Utilities.swift */ = {isa = PBXFileReference; fileEncoding = 4; lastKnownFileType = sourcecode.swift; path = Utilities.swift; sourceTree = "<group>"; };
		D7D2B52D24E86ED600EBC1C8 /* ManyParticle.swift */ = {isa = PBXFileReference; fileEncoding = 4; lastKnownFileType = sourcecode.swift; path = ManyParticle.swift; sourceTree = "<group>"; };
/* End PBXFileReference section */

/* Begin PBXFrameworksBuildPhase section */
		D7D2B4D624E71E3300EBC1C8 /* Frameworks */ = {
			isa = PBXFrameworksBuildPhase;
			buildActionMask = 2147483647;
			files = (
			);
			runOnlyForDeploymentPostprocessing = 0;
		};
		D7D2B4EF24E71E3900EBC1C8 /* Frameworks */ = {
			isa = PBXFrameworksBuildPhase;
			buildActionMask = 2147483647;
			files = (
			);
			runOnlyForDeploymentPostprocessing = 0;
		};
		D7D2B4FA24E71E3900EBC1C8 /* Frameworks */ = {
			isa = PBXFrameworksBuildPhase;
			buildActionMask = 2147483647;
			files = (
			);
			runOnlyForDeploymentPostprocessing = 0;
		};
/* End PBXFrameworksBuildPhase section */

/* Begin PBXGroup section */
		D7D2B4D024E71E3300EBC1C8 = {
			isa = PBXGroup;
			children = (
				D7D2B4DB24E71E3300EBC1C8 /* FDGraph */,
				D7D2B4F524E71E3900EBC1C8 /* FDGraphTests */,
				D7D2B50024E71E3900EBC1C8 /* FDGraphUITests */,
				D7D2B4DA24E71E3300EBC1C8 /* Products */,
			);
			sourceTree = "<group>";
		};
		D7D2B4DA24E71E3300EBC1C8 /* Products */ = {
			isa = PBXGroup;
			children = (
				D7D2B4D924E71E3300EBC1C8 /* FDGraph.app */,
				D7D2B4F224E71E3900EBC1C8 /* FDGraphTests.xctest */,
				D7D2B4FD24E71E3900EBC1C8 /* FDGraphUITests.xctest */,
			);
			name = Products;
			sourceTree = "<group>";
		};
		D7D2B4DB24E71E3300EBC1C8 /* FDGraph */ = {
			isa = PBXGroup;
			children = (
				D7D2B52124E82DC100EBC1C8 /* FDGraph.entitlements */,
				D7D2B51A24E7553B00EBC1C8 /* engine */,
				D7D2B50F24E7281B00EBC1C8 /* views */,
				D7D2B4DC24E71E3300EBC1C8 /* AppDelegate.swift */,
				D7D2B4DE24E71E3300EBC1C8 /* SceneDelegate.swift */,
				D7D2B4E324E71E3300EBC1C8 /* ContentView.swift */,
				D7D2B4E524E71E3900EBC1C8 /* Assets.xcassets */,
				D7D2B4EA24E71E3900EBC1C8 /* LaunchScreen.storyboard */,
				D7D2B4ED24E71E3900EBC1C8 /* Info.plist */,
				D7D2B4E024E71E3300EBC1C8 /* FDGraph.xcdatamodeld */,
				D7D2B4E724E71E3900EBC1C8 /* Preview Content */,
			);
			path = FDGraph;
			sourceTree = "<group>";
		};
		D7D2B4E724E71E3900EBC1C8 /* Preview Content */ = {
			isa = PBXGroup;
			children = (
				D7D2B4E824E71E3900EBC1C8 /* Preview Assets.xcassets */,
			);
			path = "Preview Content";
			sourceTree = "<group>";
		};
		D7D2B4F524E71E3900EBC1C8 /* FDGraphTests */ = {
			isa = PBXGroup;
			children = (
				D7D2B4F624E71E3900EBC1C8 /* FDGraphTests.swift */,
				D7D2B4F824E71E3900EBC1C8 /* Info.plist */,
			);
			path = FDGraphTests;
			sourceTree = "<group>";
		};
		D7D2B50024E71E3900EBC1C8 /* FDGraphUITests */ = {
			isa = PBXGroup;
			children = (
				D7D2B50124E71E3900EBC1C8 /* FDGraphUITests.swift */,
				D7D2B50324E71E3900EBC1C8 /* Info.plist */,
			);
			path = FDGraphUITests;
			sourceTree = "<group>";
		};
		D7D2B50F24E7281B00EBC1C8 /* views */ = {
			isa = PBXGroup;
			children = (
				D7D2B51024E7281B00EBC1C8 /* GraphController.swift */,
				D7D2B51124E7281B00EBC1C8 /* GraphView.swift */,
				D7D2B51224E7281B00EBC1C8 /* EdgeLayer.swift */,
				D7D2B51324E7281B00EBC1C8 /* Circle.swift */,
				D7D2B51424E7281B00EBC1C8 /* GraphScrollView.swift */,
			);
			path = views;
			sourceTree = "<group>";
		};
		D7D2B51A24E7553B00EBC1C8 /* engine */ = {
			isa = PBXGroup;
			children = (
				D7D2B52224E83FAB00EBC1C8 /* physics */,
				D7D2B51B24E7555700EBC1C8 /* Node.swift */,
				D7D2B51D24E75C1D00EBC1C8 /* Edge.swift */,
				D7D2B51F24E75F0900EBC1C8 /* Graph.swift */,
			);
			path = engine;
			sourceTree = "<group>";
		};
		D7D2B52224E83FAB00EBC1C8 /* physics */ = {
			isa = PBXGroup;
			children = (
				D7D2B52A24E86ED600EBC1C8 /* Center.swift */,
				D7D2B52924E86ED600EBC1C8 /* Links.swift */,
				D7D2B52D24E86ED600EBC1C8 /* ManyParticle.swift */,
				D7D2B52B24E86ED600EBC1C8 /* QuadTree.swift */,
				D7D2B52724E86ED600EBC1C8 /* Simulation.swift */,
				D7D2B52C24E86ED600EBC1C8 /* Utilities.swift */,
			);
			path = physics;
			sourceTree = "<group>";
		};
/* End PBXGroup section */

/* Begin PBXNativeTarget section */
		D7D2B4D824E71E3300EBC1C8 /* FDGraph */ = {
			isa = PBXNativeTarget;
			buildConfigurationList = D7D2B50624E71E3900EBC1C8 /* Build configuration list for PBXNativeTarget "FDGraph" */;
			buildPhases = (
				D7D2B4D524E71E3300EBC1C8 /* Sources */,
				D7D2B4D624E71E3300EBC1C8 /* Frameworks */,
				D7D2B4D724E71E3300EBC1C8 /* Resources */,
			);
			buildRules = (
			);
			dependencies = (
			);
			name = FDGraph;
			productName = FDGraph;
			productReference = D7D2B4D924E71E3300EBC1C8 /* FDGraph.app */;
			productType = "com.apple.product-type.application";
		};
		D7D2B4F124E71E3900EBC1C8 /* FDGraphTests */ = {
			isa = PBXNativeTarget;
			buildConfigurationList = D7D2B50924E71E3900EBC1C8 /* Build configuration list for PBXNativeTarget "FDGraphTests" */;
			buildPhases = (
				D7D2B4EE24E71E3900EBC1C8 /* Sources */,
				D7D2B4EF24E71E3900EBC1C8 /* Frameworks */,
				D7D2B4F024E71E3900EBC1C8 /* Resources */,
			);
			buildRules = (
			);
			dependencies = (
				D7D2B4F424E71E3900EBC1C8 /* PBXTargetDependency */,
			);
			name = FDGraphTests;
			productName = FDGraphTests;
			productReference = D7D2B4F224E71E3900EBC1C8 /* FDGraphTests.xctest */;
			productType = "com.apple.product-type.bundle.unit-test";
		};
		D7D2B4FC24E71E3900EBC1C8 /* FDGraphUITests */ = {
			isa = PBXNativeTarget;
			buildConfigurationList = D7D2B50C24E71E3900EBC1C8 /* Build configuration list for PBXNativeTarget "FDGraphUITests" */;
			buildPhases = (
				D7D2B4F924E71E3900EBC1C8 /* Sources */,
				D7D2B4FA24E71E3900EBC1C8 /* Frameworks */,
				D7D2B4FB24E71E3900EBC1C8 /* Resources */,
			);
			buildRules = (
			);
			dependencies = (
				D7D2B4FF24E71E3900EBC1C8 /* PBXTargetDependency */,
			);
			name = FDGraphUITests;
			productName = FDGraphUITests;
			productReference = D7D2B4FD24E71E3900EBC1C8 /* FDGraphUITests.xctest */;
			productType = "com.apple.product-type.bundle.ui-testing";
		};
/* End PBXNativeTarget section */

/* Begin PBXProject section */
		D7D2B4D124E71E3300EBC1C8 /* Project object */ = {
			isa = PBXProject;
			attributes = {
				LastSwiftUpdateCheck = 1160;
				LastUpgradeCheck = 1160;
				ORGANIZATIONNAME = Hevi;
				TargetAttributes = {
					D7D2B4D824E71E3300EBC1C8 = {
						CreatedOnToolsVersion = 11.6;
					};
					D7D2B4F124E71E3900EBC1C8 = {
						CreatedOnToolsVersion = 11.6;
						TestTargetID = D7D2B4D824E71E3300EBC1C8;
					};
					D7D2B4FC24E71E3900EBC1C8 = {
						CreatedOnToolsVersion = 11.6;
						TestTargetID = D7D2B4D824E71E3300EBC1C8;
					};
				};
			};
			buildConfigurationList = D7D2B4D424E71E3300EBC1C8 /* Build configuration list for PBXProject "FDGraph" */;
			compatibilityVersion = "Xcode 9.3";
			developmentRegion = en;
			hasScannedForEncodings = 0;
			knownRegions = (
				en,
				Base,
			);
			mainGroup = D7D2B4D024E71E3300EBC1C8;
			productRefGroup = D7D2B4DA24E71E3300EBC1C8 /* Products */;
			projectDirPath = "";
			projectRoot = "";
			targets = (
				D7D2B4D824E71E3300EBC1C8 /* FDGraph */,
				D7D2B4F124E71E3900EBC1C8 /* FDGraphTests */,
				D7D2B4FC24E71E3900EBC1C8 /* FDGraphUITests */,
			);
		};
/* End PBXProject section */

/* Begin PBXResourcesBuildPhase section */
		D7D2B4D724E71E3300EBC1C8 /* Resources */ = {
			isa = PBXResourcesBuildPhase;
			buildActionMask = 2147483647;
			files = (
				D7D2B4EC24E71E3900EBC1C8 /* LaunchScreen.storyboard in Resources */,
				D7D2B4E924E71E3900EBC1C8 /* Preview Assets.xcassets in Resources */,
				D7D2B4E624E71E3900EBC1C8 /* Assets.xcassets in Resources */,
			);
			runOnlyForDeploymentPostprocessing = 0;
		};
		D7D2B4F024E71E3900EBC1C8 /* Resources */ = {
			isa = PBXResourcesBuildPhase;
			buildActionMask = 2147483647;
			files = (
			);
			runOnlyForDeploymentPostprocessing = 0;
		};
		D7D2B4FB24E71E3900EBC1C8 /* Resources */ = {
			isa = PBXResourcesBuildPhase;
			buildActionMask = 2147483647;
			files = (
			);
			runOnlyForDeploymentPostprocessing = 0;
		};
/* End PBXResourcesBuildPhase section */

/* Begin PBXSourcesBuildPhase section */
		D7D2B4D524E71E3300EBC1C8 /* Sources */ = {
			isa = PBXSourcesBuildPhase;
			buildActionMask = 2147483647;
			files = (
				D7D2B52024E75F0900EBC1C8 /* Graph.swift in Sources */,
				D7D2B51E24E75C1D00EBC1C8 /* Edge.swift in Sources */,
				D7D2B4E224E71E3300EBC1C8 /* FDGraph.xcdatamodeld in Sources */,
				D7D2B51C24E7555700EBC1C8 /* Node.swift in Sources */,
				D7D2B51824E7281B00EBC1C8 /* Circle.swift in Sources */,
				D7D2B4DD24E71E3300EBC1C8 /* AppDelegate.swift in Sources */,
				D7D2B53324E86ED600EBC1C8 /* Utilities.swift in Sources */,
				D7D2B53224E86ED600EBC1C8 /* QuadTree.swift in Sources */,
				D7D2B4E424E71E3300EBC1C8 /* ContentView.swift in Sources */,
				D7D2B53124E86ED600EBC1C8 /* Center.swift in Sources */,
				D7D2B51924E7281B00EBC1C8 /* GraphScrollView.swift in Sources */,
				D7D2B51524E7281B00EBC1C8 /* GraphController.swift in Sources */,
				D7D2B53024E86ED600EBC1C8 /* Links.swift in Sources */,
				D7D2B4DF24E71E3300EBC1C8 /* SceneDelegate.swift in Sources */,
				D7D2B51724E7281B00EBC1C8 /* EdgeLayer.swift in Sources */,
				D7D2B53424E86ED600EBC1C8 /* ManyParticle.swift in Sources */,
				D7D2B51624E7281B00EBC1C8 /* GraphView.swift in Sources */,
				D7D2B52E24E86ED600EBC1C8 /* Simulation.swift in Sources */,
			);
			runOnlyForDeploymentPostprocessing = 0;
		};
		D7D2B4EE24E71E3900EBC1C8 /* Sources */ = {
			isa = PBXSourcesBuildPhase;
			buildActionMask = 2147483647;
			files = (
				D7D2B4F724E71E3900EBC1C8 /* FDGraphTests.swift in Sources */,
			);
			runOnlyForDeploymentPostprocessing = 0;
		};
		D7D2B4F924E71E3900EBC1C8 /* Sources */ = {
			isa = PBXSourcesBuildPhase;
			buildActionMask = 2147483647;
			files = (
				D7D2B50224E71E3900EBC1C8 /* FDGraphUITests.swift in Sources */,
			);
			runOnlyForDeploymentPostprocessing = 0;
		};
/* End PBXSourcesBuildPhase section */

/* Begin PBXTargetDependency section */
		D7D2B4F424E71E3900EBC1C8 /* PBXTargetDependency */ = {
			isa = PBXTargetDependency;
			target = D7D2B4D824E71E3300EBC1C8 /* FDGraph */;
			targetProxy = D7D2B4F324E71E3900EBC1C8 /* PBXContainerItemProxy */;
		};
		D7D2B4FF24E71E3900EBC1C8 /* PBXTargetDependency */ = {
			isa = PBXTargetDependency;
			target = D7D2B4D824E71E3300EBC1C8 /* FDGraph */;
			targetProxy = D7D2B4FE24E71E3900EBC1C8 /* PBXContainerItemProxy */;
		};
/* End PBXTargetDependency section */

/* Begin PBXVariantGroup section */
		D7D2B4EA24E71E3900EBC1C8 /* LaunchScreen.storyboard */ = {
			isa = PBXVariantGroup;
			children = (
				D7D2B4EB24E71E3900EBC1C8 /* Base */,
			);
			name = LaunchScreen.storyboard;
			sourceTree = "<group>";
		};
/* End PBXVariantGroup section */

/* Begin XCBuildConfiguration section */
		D7D2B50424E71E3900EBC1C8 /* Debug */ = {
			isa = XCBuildConfiguration;
			buildSettings = {
				ALWAYS_SEARCH_USER_PATHS = NO;
				CLANG_ANALYZER_NONNULL = YES;
				CLANG_ANALYZER_NUMBER_OBJECT_CONVERSION = YES_AGGRESSIVE;
				CLANG_CXX_LANGUAGE_STANDARD = "gnu++14";
				CLANG_CXX_LIBRARY = "libc++";
				CLANG_ENABLE_MODULES = YES;
				CLANG_ENABLE_OBJC_ARC = YES;
				CLANG_ENABLE_OBJC_WEAK = YES;
				CLANG_WARN_BLOCK_CAPTURE_AUTORELEASING = YES;
				CLANG_WARN_BOOL_CONVERSION = YES;
				CLANG_WARN_COMMA = YES;
				CLANG_WARN_CONSTANT_CONVERSION = YES;
				CLANG_WARN_DEPRECATED_OBJC_IMPLEMENTATIONS = YES;
				CLANG_WARN_DIRECT_OBJC_ISA_USAGE = YES_ERROR;
				CLANG_WARN_DOCUMENTATION_COMMENTS = YES;
				CLANG_WARN_EMPTY_BODY = YES;
				CLANG_WARN_ENUM_CONVERSION = YES;
				CLANG_WARN_INFINITE_RECURSION = YES;
				CLANG_WARN_INT_CONVERSION = YES;
				CLANG_WARN_NON_LITERAL_NULL_CONVERSION = YES;
				CLANG_WARN_OBJC_IMPLICIT_RETAIN_SELF = YES;
				CLANG_WARN_OBJC_LITERAL_CONVERSION = YES;
				CLANG_WARN_OBJC_ROOT_CLASS = YES_ERROR;
				CLANG_WARN_RANGE_LOOP_ANALYSIS = YES;
				CLANG_WARN_STRICT_PROTOTYPES = YES;
				CLANG_WARN_SUSPICIOUS_MOVE = YES;
				CLANG_WARN_UNGUARDED_AVAILABILITY = YES_AGGRESSIVE;
				CLANG_WARN_UNREACHABLE_CODE = YES;
				CLANG_WARN__DUPLICATE_METHOD_MATCH = YES;
				COPY_PHASE_STRIP = NO;
				DEBUG_INFORMATION_FORMAT = dwarf;
				ENABLE_STRICT_OBJC_MSGSEND = YES;
				ENABLE_TESTABILITY = YES;
				GCC_C_LANGUAGE_STANDARD = gnu11;
				GCC_DYNAMIC_NO_PIC = NO;
				GCC_NO_COMMON_BLOCKS = YES;
				GCC_OPTIMIZATION_LEVEL = 0;
				GCC_PREPROCESSOR_DEFINITIONS = (
					"DEBUG=1",
					"$(inherited)",
				);
				GCC_WARN_64_TO_32_BIT_CONVERSION = YES;
				GCC_WARN_ABOUT_RETURN_TYPE = YES_ERROR;
				GCC_WARN_UNDECLARED_SELECTOR = YES;
				GCC_WARN_UNINITIALIZED_AUTOS = YES_AGGRESSIVE;
				GCC_WARN_UNUSED_FUNCTION = YES;
				GCC_WARN_UNUSED_VARIABLE = YES;
				IPHONEOS_DEPLOYMENT_TARGET = 13.6;
				MTL_ENABLE_DEBUG_INFO = INCLUDE_SOURCE;
				MTL_FAST_MATH = YES;
				ONLY_ACTIVE_ARCH = YES;
				SDKROOT = iphoneos;
				SWIFT_ACTIVE_COMPILATION_CONDITIONS = DEBUG;
				SWIFT_OPTIMIZATION_LEVEL = "-Onone";
			};
			name = Debug;
		};
		D7D2B50524E71E3900EBC1C8 /* Release */ = {
			isa = XCBuildConfiguration;
			buildSettings = {
				ALWAYS_SEARCH_USER_PATHS = NO;
				CLANG_ANALYZER_NONNULL = YES;
				CLANG_ANALYZER_NUMBER_OBJECT_CONVERSION = YES_AGGRESSIVE;
				CLANG_CXX_LANGUAGE_STANDARD = "gnu++14";
				CLANG_CXX_LIBRARY = "libc++";
				CLANG_ENABLE_MODULES = YES;
				CLANG_ENABLE_OBJC_ARC = YES;
				CLANG_ENABLE_OBJC_WEAK = YES;
				CLANG_WARN_BLOCK_CAPTURE_AUTORELEASING = YES;
				CLANG_WARN_BOOL_CONVERSION = YES;
				CLANG_WARN_COMMA = YES;
				CLANG_WARN_CONSTANT_CONVERSION = YES;
				CLANG_WARN_DEPRECATED_OBJC_IMPLEMENTATIONS = YES;
				CLANG_WARN_DIRECT_OBJC_ISA_USAGE = YES_ERROR;
				CLANG_WARN_DOCUMENTATION_COMMENTS = YES;
				CLANG_WARN_EMPTY_BODY = YES;
				CLANG_WARN_ENUM_CONVERSION = YES;
				CLANG_WARN_INFINITE_RECURSION = YES;
				CLANG_WARN_INT_CONVERSION = YES;
				CLANG_WARN_NON_LITERAL_NULL_CONVERSION = YES;
				CLANG_WARN_OBJC_IMPLICIT_RETAIN_SELF = YES;
				CLANG_WARN_OBJC_LITERAL_CONVERSION = YES;
				CLANG_WARN_OBJC_ROOT_CLASS = YES_ERROR;
				CLANG_WARN_RANGE_LOOP_ANALYSIS = YES;
				CLANG_WARN_STRICT_PROTOTYPES = YES;
				CLANG_WARN_SUSPICIOUS_MOVE = YES;
				CLANG_WARN_UNGUARDED_AVAILABILITY = YES_AGGRESSIVE;
				CLANG_WARN_UNREACHABLE_CODE = YES;
				CLANG_WARN__DUPLICATE_METHOD_MATCH = YES;
				COPY_PHASE_STRIP = NO;
				DEBUG_INFORMATION_FORMAT = "dwarf-with-dsym";
				ENABLE_NS_ASSERTIONS = NO;
				ENABLE_STRICT_OBJC_MSGSEND = YES;
				GCC_C_LANGUAGE_STANDARD = gnu11;
				GCC_NO_COMMON_BLOCKS = YES;
				GCC_WARN_64_TO_32_BIT_CONVERSION = YES;
				GCC_WARN_ABOUT_RETURN_TYPE = YES_ERROR;
				GCC_WARN_UNDECLARED_SELECTOR = YES;
				GCC_WARN_UNINITIALIZED_AUTOS = YES_AGGRESSIVE;
				GCC_WARN_UNUSED_FUNCTION = YES;
				GCC_WARN_UNUSED_VARIABLE = YES;
				IPHONEOS_DEPLOYMENT_TARGET = 13.6;
				MTL_ENABLE_DEBUG_INFO = NO;
				MTL_FAST_MATH = YES;
				SDKROOT = iphoneos;
				SWIFT_COMPILATION_MODE = wholemodule;
				SWIFT_OPTIMIZATION_LEVEL = "-O";
				VALIDATE_PRODUCT = YES;
			};
			name = Release;
		};
		D7D2B50724E71E3900EBC1C8 /* Debug */ = {
			isa = XCBuildConfiguration;
			buildSettings = {
				ASSETCATALOG_COMPILER_APPICON_NAME = AppIcon;
				CODE_SIGN_ENTITLEMENTS = FDGraph/FDGraph.entitlements;
				CODE_SIGN_STYLE = Automatic;
				DEVELOPMENT_ASSET_PATHS = "\"FDGraph/Preview Content\"";
				DEVELOPMENT_TEAM = 7VSX9U5N94;
				ENABLE_PREVIEWS = YES;
				INFOPLIST_FILE = FDGraph/Info.plist;
				IPHONEOS_DEPLOYMENT_TARGET = 13.4;
				LD_RUNPATH_SEARCH_PATHS = (
					"$(inherited)",
					"@executable_path/Frameworks",
				);
				PRODUCT_BUNDLE_IDENTIFIER = hu.hevi.FDGraph;
				PRODUCT_NAME = "$(TARGET_NAME)";
				SUPPORTS_MACCATALYST = YES;
				SWIFT_VERSION = 5.0;
				TARGETED_DEVICE_FAMILY = "1,2";
			};
			name = Debug;
		};
		D7D2B50824E71E3900EBC1C8 /* Release */ = {
			isa = XCBuildConfiguration;
			buildSettings = {
				ASSETCATALOG_COMPILER_APPICON_NAME = AppIcon;
				CODE_SIGN_ENTITLEMENTS = FDGraph/FDGraph.entitlements;
				CODE_SIGN_STYLE = Automatic;
				DEVELOPMENT_ASSET_PATHS = "\"FDGraph/Preview Content\"";
				DEVELOPMENT_TEAM = 7VSX9U5N94;
				ENABLE_PREVIEWS = YES;
				INFOPLIST_FILE = FDGraph/Info.plist;
				IPHONEOS_DEPLOYMENT_TARGET = 13.4;
				LD_RUNPATH_SEARCH_PATHS = (
					"$(inherited)",
					"@executable_path/Frameworks",
				);
				PRODUCT_BUNDLE_IDENTIFIER = hu.hevi.FDGraph;
				PRODUCT_NAME = "$(TARGET_NAME)";
				SUPPORTS_MACCATALYST = YES;
				SWIFT_VERSION = 5.0;
				TARGETED_DEVICE_FAMILY = "1,2";
			};
			name = Release;
		};
		D7D2B50A24E71E3900EBC1C8 /* Debug */ = {
			isa = XCBuildConfiguration;
			buildSettings = {
				ALWAYS_EMBED_SWIFT_STANDARD_LIBRARIES = YES;
				BUNDLE_LOADER = "$(TEST_HOST)";
				CODE_SIGN_STYLE = Automatic;
				DEVELOPMENT_TEAM = 7VSX9U5N94;
				INFOPLIST_FILE = FDGraphTests/Info.plist;
				IPHONEOS_DEPLOYMENT_TARGET = 13.6;
				LD_RUNPATH_SEARCH_PATHS = (
					"$(inherited)",
					"@executable_path/Frameworks",
					"@loader_path/Frameworks",
				);
				PRODUCT_BUNDLE_IDENTIFIER = hu.hevi.FDGraphTests;
				PRODUCT_NAME = "$(TARGET_NAME)";
				SWIFT_VERSION = 5.0;
				TARGETED_DEVICE_FAMILY = "1,2";
				TEST_HOST = "$(BUILT_PRODUCTS_DIR)/FDGraph.app/FDGraph";
			};
			name = Debug;
		};
		D7D2B50B24E71E3900EBC1C8 /* Release */ = {
			isa = XCBuildConfiguration;
			buildSettings = {
				ALWAYS_EMBED_SWIFT_STANDARD_LIBRARIES = YES;
				BUNDLE_LOADER = "$(TEST_HOST)";
				CODE_SIGN_STYLE = Automatic;
				DEVELOPMENT_TEAM = 7VSX9U5N94;
				INFOPLIST_FILE = FDGraphTests/Info.plist;
				IPHONEOS_DEPLOYMENT_TARGET = 13.6;
				LD_RUNPATH_SEARCH_PATHS = (
					"$(inherited)",
					"@executable_path/Frameworks",
					"@loader_path/Frameworks",
				);
				PRODUCT_BUNDLE_IDENTIFIER = hu.hevi.FDGraphTests;
				PRODUCT_NAME = "$(TARGET_NAME)";
				SWIFT_VERSION = 5.0;
				TARGETED_DEVICE_FAMILY = "1,2";
				TEST_HOST = "$(BUILT_PRODUCTS_DIR)/FDGraph.app/FDGraph";
			};
			name = Release;
		};
		D7D2B50D24E71E3900EBC1C8 /* Debug */ = {
			isa = XCBuildConfiguration;
			buildSettings = {
				ALWAYS_EMBED_SWIFT_STANDARD_LIBRARIES = YES;
				CODE_SIGN_STYLE = Automatic;
				DEVELOPMENT_TEAM = 7VSX9U5N94;
				INFOPLIST_FILE = FDGraphUITests/Info.plist;
				LD_RUNPATH_SEARCH_PATHS = (
					"$(inherited)",
					"@executable_path/Frameworks",
					"@loader_path/Frameworks",
				);
				PRODUCT_BUNDLE_IDENTIFIER = hu.hevi.FDGraphUITests;
				PRODUCT_NAME = "$(TARGET_NAME)";
				SWIFT_VERSION = 5.0;
				TARGETED_DEVICE_FAMILY = "1,2";
				TEST_TARGET_NAME = FDGraph;
			};
			name = Debug;
		};
		D7D2B50E24E71E3900EBC1C8 /* Release */ = {
			isa = XCBuildConfiguration;
			buildSettings = {
				ALWAYS_EMBED_SWIFT_STANDARD_LIBRARIES = YES;
				CODE_SIGN_STYLE = Automatic;
				DEVELOPMENT_TEAM = 7VSX9U5N94;
				INFOPLIST_FILE = FDGraphUITests/Info.plist;
				LD_RUNPATH_SEARCH_PATHS = (
					"$(inherited)",
					"@executable_path/Frameworks",
					"@loader_path/Frameworks",
				);
				PRODUCT_BUNDLE_IDENTIFIER = hu.hevi.FDGraphUITests;
				PRODUCT_NAME = "$(TARGET_NAME)";
				SWIFT_VERSION = 5.0;
				TARGETED_DEVICE_FAMILY = "1,2";
				TEST_TARGET_NAME = FDGraph;
			};
			name = Release;
		};
/* End XCBuildConfiguration section */

/* Begin XCConfigurationList section */
		D7D2B4D424E71E3300EBC1C8 /* Build configuration list for PBXProject "FDGraph" */ = {
			isa = XCConfigurationList;
			buildConfigurations = (
				D7D2B50424E71E3900EBC1C8 /* Debug */,
				D7D2B50524E71E3900EBC1C8 /* Release */,
			);
			defaultConfigurationIsVisible = 0;
			defaultConfigurationName = Release;
		};
		D7D2B50624E71E3900EBC1C8 /* Build configuration list for PBXNativeTarget "FDGraph" */ = {
			isa = XCConfigurationList;
			buildConfigurations = (
				D7D2B50724E71E3900EBC1C8 /* Debug */,
				D7D2B50824E71E3900EBC1C8 /* Release */,
			);
			defaultConfigurationIsVisible = 0;
			defaultConfigurationName = Release;
		};
		D7D2B50924E71E3900EBC1C8 /* Build configuration list for PBXNativeTarget "FDGraphTests" */ = {
			isa = XCConfigurationList;
			buildConfigurations = (
				D7D2B50A24E71E3900EBC1C8 /* Debug */,
				D7D2B50B24E71E3900EBC1C8 /* Release */,
			);
			defaultConfigurationIsVisible = 0;
			defaultConfigurationName = Release;
		};
		D7D2B50C24E71E3900EBC1C8 /* Build configuration list for PBXNativeTarget "FDGraphUITests" */ = {
			isa = XCConfigurationList;
			buildConfigurations = (
				D7D2B50D24E71E3900EBC1C8 /* Debug */,
				D7D2B50E24E71E3900EBC1C8 /* Release */,
			);
			defaultConfigurationIsVisible = 0;
			defaultConfigurationName = Release;
		};
/* End XCConfigurationList section */

/* Begin XCVersionGroup section */
		D7D2B4E024E71E3300EBC1C8 /* FDGraph.xcdatamodeld */ = {
			isa = XCVersionGroup;
			children = (
				D7D2B4E124E71E3300EBC1C8 /* FDGraph.xcdatamodel */,
			);
			currentVersion = D7D2B4E124E71E3300EBC1C8 /* FDGraph.xcdatamodel */;
			path = FDGraph.xcdatamodeld;
			sourceTree = "<group>";
			versionGroupType = wrapper.xcdatamodel;
		};
/* End XCVersionGroup section */
	};
	rootObject = D7D2B4D124E71E3300EBC1C8 /* Project object */;
}
